// !$*UTF8*$!
{
	archiveVersion = 1;
	classes = {
	};
	objectVersion = 56;
	objects = {

/* Begin PBXBuildFile section */
		BA6E9BB52B16169300B4F439 /* AppDelegate.swift in Sources */ = {isa = PBXBuildFile; fileRef = BA6E9BB42B16169300B4F439 /* AppDelegate.swift */; };
		BA6E9BB72B16169300B4F439 /* SceneDelegate.swift in Sources */ = {isa = PBXBuildFile; fileRef = BA6E9BB62B16169300B4F439 /* SceneDelegate.swift */; };
		BA6E9BBE2B16169400B4F439 /* Assets.xcassets in Resources */ = {isa = PBXBuildFile; fileRef = BA6E9BBD2B16169400B4F439 /* Assets.xcassets */; };
		BA6E9BCC2B16169500B4F439 /* WordsTests.swift in Sources */ = {isa = PBXBuildFile; fileRef = BA6E9BCB2B16169500B4F439 /* WordsTests.swift */; };
		BA6E9BD62B16169500B4F439 /* WordsUITests.swift in Sources */ = {isa = PBXBuildFile; fileRef = BA6E9BD52B16169500B4F439 /* WordsUITests.swift */; };
		BA6E9BD82B16169500B4F439 /* WordsUITestsLaunchTests.swift in Sources */ = {isa = PBXBuildFile; fileRef = BA6E9BD72B16169500B4F439 /* WordsUITestsLaunchTests.swift */; };
		BA6E9BE72B16493D00B4F439 /* words.json in Resources */ = {isa = PBXBuildFile; fileRef = BA6E9BE62B16493D00B4F439 /* words.json */; };
		BA6E9BEF2B176D1300B4F439 /* Constants.swift in Sources */ = {isa = PBXBuildFile; fileRef = BA6E9BEE2B176D1300B4F439 /* Constants.swift */; };
		BAC857822B17718300678558 /* StartViewController.swift in Sources */ = {isa = PBXBuildFile; fileRef = BAC857812B17718300678558 /* StartViewController.swift */; };
		BAC857852B1773F200678558 /* StartViewModel.swift in Sources */ = {isa = PBXBuildFile; fileRef = BAC857842B1773F200678558 /* StartViewModel.swift */; };
		BAC857882B1775B900678558 /* Localizable.strings in Resources */ = {isa = PBXBuildFile; fileRef = BAC8578A2B1775B900678558 /* Localizable.strings */; };
		BAC8578F2B17793500678558 /* ViewConfigurable.swift in Sources */ = {isa = PBXBuildFile; fileRef = BAC8578E2B17793500678558 /* ViewConfigurable.swift */; };
		BAC857952B17907400678558 /* Button.swift in Sources */ = {isa = PBXBuildFile; fileRef = BAC857942B17907400678558 /* Button.swift */; };
		BAC857982B17926100678558 /* SnapKit in Frameworks */ = {isa = PBXBuildFile; productRef = BAC857972B17926100678558 /* SnapKit */; };
		BAC857992B1796D200678558 /* LaunchScreen.storyboard in Resources */ = {isa = PBXBuildFile; fileRef = BAC8579A2B1796D200678558 /* LaunchScreen.storyboard */; };
		BAC8579C2B18562F00678558 /* Game.swift in Sources */ = {isa = PBXBuildFile; fileRef = BAC8579B2B18562F00678558 /* Game.swift */; };
		BAC857A32B185D3F00678558 /* UserDefaultsManager.swift in Sources */ = {isa = PBXBuildFile; fileRef = BAC857A22B185D3F00678558 /* UserDefaultsManager.swift */; };
		BAC857A62B185E3A00678558 /* WordProvider.swift in Sources */ = {isa = PBXBuildFile; fileRef = BAC857A52B185E3A00678558 /* WordProvider.swift */; };
		BAC857A82B18614000678558 /* ManagerDependencies.swift in Sources */ = {isa = PBXBuildFile; fileRef = BAC857A72B18614000678558 /* ManagerDependencies.swift */; };
		BAC857AA2B1861EF00678558 /* ProviresDependencies.swift in Sources */ = {isa = PBXBuildFile; fileRef = BAC857A92B1861EF00678558 /* ProviresDependencies.swift */; };
		BAC857AC2B18627B00678558 /* ModuleDependenciesAdapter.swift in Sources */ = {isa = PBXBuildFile; fileRef = BAC857AB2B18627B00678558 /* ModuleDependenciesAdapter.swift */; };
		BAC857AE2B1865F400678558 /* StartModule.swift in Sources */ = {isa = PBXBuildFile; fileRef = BAC857AD2B1865F400678558 /* StartModule.swift */; };
		BAC857B02B18696900678558 /* StartModuleFactory.swift in Sources */ = {isa = PBXBuildFile; fileRef = BAC857AF2B18696900678558 /* StartModuleFactory.swift */; };
		BAC857B22B186FE700678558 /* MainCoordinator.swift in Sources */ = {isa = PBXBuildFile; fileRef = BAC857B12B186FE700678558 /* MainCoordinator.swift */; };
		BAC857B42B18796600678558 /* TextField.swift in Sources */ = {isa = PBXBuildFile; fileRef = BAC857B32B18796600678558 /* TextField.swift */; };
		BAC857B62B18957B00678558 /* GameViewController.swift in Sources */ = {isa = PBXBuildFile; fileRef = BAC857B52B18957B00678558 /* GameViewController.swift */; };
		BAC857B82B18958D00678558 /* GameViewModel.swift in Sources */ = {isa = PBXBuildFile; fileRef = BAC857B72B18958D00678558 /* GameViewModel.swift */; };
		BAC857BA2B18980F00678558 /* GameModule.swift in Sources */ = {isa = PBXBuildFile; fileRef = BAC857B92B18980F00678558 /* GameModule.swift */; };
		BAC857BC2B18987900678558 /* GameModuleFactory.swift in Sources */ = {isa = PBXBuildFile; fileRef = BAC857BB2B18987900678558 /* GameModuleFactory.swift */; };
		BAC857BE2B18AC6000678558 /* Words.swift in Sources */ = {isa = PBXBuildFile; fileRef = BAC857BD2B18AC6000678558 /* Words.swift */; };
		BAC857C12B18B0D700678558 /* GameBoard.swift in Sources */ = {isa = PBXBuildFile; fileRef = BAC857C02B18B0D700678558 /* GameBoard.swift */; };
		BAC857CB2B19015A00678558 /* Inter-Medium.ttf in Resources */ = {isa = PBXBuildFile; fileRef = BAC857C82B18FF5100678558 /* Inter-Medium.ttf */; };
		BAC857CE2B19A19800678558 /* StackView.swift in Sources */ = {isa = PBXBuildFile; fileRef = BAC857CD2B19A19800678558 /* StackView.swift */; };
/* End PBXBuildFile section */

/* Begin PBXContainerItemProxy section */
		BA6E9BC82B16169500B4F439 /* PBXContainerItemProxy */ = {
			isa = PBXContainerItemProxy;
			containerPortal = BA6E9BA92B16169300B4F439 /* Project object */;
			proxyType = 1;
			remoteGlobalIDString = BA6E9BB02B16169300B4F439;
			remoteInfo = Words;
		};
		BA6E9BD22B16169500B4F439 /* PBXContainerItemProxy */ = {
			isa = PBXContainerItemProxy;
			containerPortal = BA6E9BA92B16169300B4F439 /* Project object */;
			proxyType = 1;
			remoteGlobalIDString = BA6E9BB02B16169300B4F439;
			remoteInfo = Words;
		};
/* End PBXContainerItemProxy section */

/* Begin PBXFileReference section */
		BA6E9BB12B16169300B4F439 /* Words.app */ = {isa = PBXFileReference; explicitFileType = wrapper.application; includeInIndex = 0; path = Words.app; sourceTree = BUILT_PRODUCTS_DIR; };
		BA6E9BB42B16169300B4F439 /* AppDelegate.swift */ = {isa = PBXFileReference; lastKnownFileType = sourcecode.swift; path = AppDelegate.swift; sourceTree = "<group>"; };
		BA6E9BB62B16169300B4F439 /* SceneDelegate.swift */ = {isa = PBXFileReference; lastKnownFileType = sourcecode.swift; path = SceneDelegate.swift; sourceTree = "<group>"; };
		BA6E9BBD2B16169400B4F439 /* Assets.xcassets */ = {isa = PBXFileReference; lastKnownFileType = folder.assetcatalog; path = Assets.xcassets; sourceTree = "<group>"; };
		BA6E9BC22B16169400B4F439 /* Info.plist */ = {isa = PBXFileReference; lastKnownFileType = text.plist.xml; path = Info.plist; sourceTree = "<group>"; };
		BA6E9BC72B16169500B4F439 /* WordsTests.xctest */ = {isa = PBXFileReference; explicitFileType = wrapper.cfbundle; includeInIndex = 0; path = WordsTests.xctest; sourceTree = BUILT_PRODUCTS_DIR; };
		BA6E9BCB2B16169500B4F439 /* WordsTests.swift */ = {isa = PBXFileReference; lastKnownFileType = sourcecode.swift; path = WordsTests.swift; sourceTree = "<group>"; };
		BA6E9BD12B16169500B4F439 /* WordsUITests.xctest */ = {isa = PBXFileReference; explicitFileType = wrapper.cfbundle; includeInIndex = 0; path = WordsUITests.xctest; sourceTree = BUILT_PRODUCTS_DIR; };
		BA6E9BD52B16169500B4F439 /* WordsUITests.swift */ = {isa = PBXFileReference; lastKnownFileType = sourcecode.swift; path = WordsUITests.swift; sourceTree = "<group>"; };
		BA6E9BD72B16169500B4F439 /* WordsUITestsLaunchTests.swift */ = {isa = PBXFileReference; lastKnownFileType = sourcecode.swift; path = WordsUITestsLaunchTests.swift; sourceTree = "<group>"; };
		BA6E9BE62B16493D00B4F439 /* words.json */ = {isa = PBXFileReference; fileEncoding = 4; lastKnownFileType = text.json; path = words.json; sourceTree = "<group>"; };
		BA6E9BEE2B176D1300B4F439 /* Constants.swift */ = {isa = PBXFileReference; lastKnownFileType = sourcecode.swift; path = Constants.swift; sourceTree = "<group>"; };
		BAC857812B17718300678558 /* StartViewController.swift */ = {isa = PBXFileReference; lastKnownFileType = sourcecode.swift; path = StartViewController.swift; sourceTree = "<group>"; };
		BAC857842B1773F200678558 /* StartViewModel.swift */ = {isa = PBXFileReference; lastKnownFileType = sourcecode.swift; path = StartViewModel.swift; sourceTree = "<group>"; };
		BAC857892B1775B900678558 /* en */ = {isa = PBXFileReference; lastKnownFileType = text.plist.strings; name = en; path = en.lproj/Localizable.strings; sourceTree = "<group>"; };
		BAC8578C2B1775DC00678558 /* ru */ = {isa = PBXFileReference; lastKnownFileType = text.plist.strings; name = ru; path = ru.lproj/Localizable.strings; sourceTree = "<group>"; };
		BAC8578E2B17793500678558 /* ViewConfigurable.swift */ = {isa = PBXFileReference; lastKnownFileType = sourcecode.swift; path = ViewConfigurable.swift; sourceTree = "<group>"; };
		BAC857942B17907400678558 /* Button.swift */ = {isa = PBXFileReference; lastKnownFileType = sourcecode.swift; path = Button.swift; sourceTree = "<group>"; };
		BAC8579A2B1796D200678558 /* LaunchScreen.storyboard */ = {isa = PBXFileReference; lastKnownFileType = file.storyboard; path = LaunchScreen.storyboard; sourceTree = "<group>"; };
		BAC8579B2B18562F00678558 /* Game.swift */ = {isa = PBXFileReference; lastKnownFileType = sourcecode.swift; path = Game.swift; sourceTree = "<group>"; };
		BAC857A22B185D3F00678558 /* UserDefaultsManager.swift */ = {isa = PBXFileReference; lastKnownFileType = sourcecode.swift; path = UserDefaultsManager.swift; sourceTree = "<group>"; };
		BAC857A52B185E3A00678558 /* WordProvider.swift */ = {isa = PBXFileReference; lastKnownFileType = sourcecode.swift; path = WordProvider.swift; sourceTree = "<group>"; };
		BAC857A72B18614000678558 /* ManagerDependencies.swift */ = {isa = PBXFileReference; lastKnownFileType = sourcecode.swift; path = ManagerDependencies.swift; sourceTree = "<group>"; };
		BAC857A92B1861EF00678558 /* ProviresDependencies.swift */ = {isa = PBXFileReference; lastKnownFileType = sourcecode.swift; path = ProviresDependencies.swift; sourceTree = "<group>"; };
		BAC857AB2B18627B00678558 /* ModuleDependenciesAdapter.swift */ = {isa = PBXFileReference; lastKnownFileType = sourcecode.swift; path = ModuleDependenciesAdapter.swift; sourceTree = "<group>"; };
		BAC857AD2B1865F400678558 /* StartModule.swift */ = {isa = PBXFileReference; lastKnownFileType = sourcecode.swift; path = StartModule.swift; sourceTree = "<group>"; };
		BAC857AF2B18696900678558 /* StartModuleFactory.swift */ = {isa = PBXFileReference; lastKnownFileType = sourcecode.swift; path = StartModuleFactory.swift; sourceTree = "<group>"; };
		BAC857B12B186FE700678558 /* MainCoordinator.swift */ = {isa = PBXFileReference; lastKnownFileType = sourcecode.swift; path = MainCoordinator.swift; sourceTree = "<group>"; };
		BAC857B32B18796600678558 /* TextField.swift */ = {isa = PBXFileReference; lastKnownFileType = sourcecode.swift; path = TextField.swift; sourceTree = "<group>"; };
		BAC857B52B18957B00678558 /* GameViewController.swift */ = {isa = PBXFileReference; lastKnownFileType = sourcecode.swift; path = GameViewController.swift; sourceTree = "<group>"; };
		BAC857B72B18958D00678558 /* GameViewModel.swift */ = {isa = PBXFileReference; lastKnownFileType = sourcecode.swift; path = GameViewModel.swift; sourceTree = "<group>"; };
		BAC857B92B18980F00678558 /* GameModule.swift */ = {isa = PBXFileReference; lastKnownFileType = sourcecode.swift; path = GameModule.swift; sourceTree = "<group>"; };
		BAC857BB2B18987900678558 /* GameModuleFactory.swift */ = {isa = PBXFileReference; lastKnownFileType = sourcecode.swift; path = GameModuleFactory.swift; sourceTree = "<group>"; };
		BAC857BD2B18AC6000678558 /* Words.swift */ = {isa = PBXFileReference; lastKnownFileType = sourcecode.swift; path = Words.swift; sourceTree = "<group>"; };
		BAC857C02B18B0D700678558 /* GameBoard.swift */ = {isa = PBXFileReference; lastKnownFileType = sourcecode.swift; path = GameBoard.swift; sourceTree = "<group>"; };
		BAC857C82B18FF5100678558 /* Inter-Medium.ttf */ = {isa = PBXFileReference; lastKnownFileType = file; name = "Inter-Medium.ttf"; path = "../../../../../../Downloads/Inter-4/extras/ttf/Inter-Medium.ttf"; sourceTree = "<group>"; };
		BAC857CD2B19A19800678558 /* StackView.swift */ = {isa = PBXFileReference; lastKnownFileType = sourcecode.swift; path = StackView.swift; sourceTree = "<group>"; };
/* End PBXFileReference section */

/* Begin PBXFrameworksBuildPhase section */
		BA6E9BAE2B16169300B4F439 /* Frameworks */ = {
			isa = PBXFrameworksBuildPhase;
			buildActionMask = 2147483647;
			files = (
				BAC857982B17926100678558 /* SnapKit in Frameworks */,
			);
			runOnlyForDeploymentPostprocessing = 0;
		};
		BA6E9BC42B16169500B4F439 /* Frameworks */ = {
			isa = PBXFrameworksBuildPhase;
			buildActionMask = 2147483647;
			files = (
			);
			runOnlyForDeploymentPostprocessing = 0;
		};
		BA6E9BCE2B16169500B4F439 /* Frameworks */ = {
			isa = PBXFrameworksBuildPhase;
			buildActionMask = 2147483647;
			files = (
			);
			runOnlyForDeploymentPostprocessing = 0;
		};
/* End PBXFrameworksBuildPhase section */

/* Begin PBXGroup section */
		BA6E9BA82B16169300B4F439 = {
			isa = PBXGroup;
			children = (
				BA6E9BB32B16169300B4F439 /* Words */,
				BA6E9BCA2B16169500B4F439 /* WordsTests */,
				BA6E9BD42B16169500B4F439 /* WordsUITests */,
				BA6E9BB22B16169300B4F439 /* Products */,
			);
			sourceTree = "<group>";
		};
		BA6E9BB22B16169300B4F439 /* Products */ = {
			isa = PBXGroup;
			children = (
				BA6E9BB12B16169300B4F439 /* Words.app */,
				BA6E9BC72B16169500B4F439 /* WordsTests.xctest */,
				BA6E9BD12B16169500B4F439 /* WordsUITests.xctest */,
			);
			name = Products;
			sourceTree = "<group>";
		};
		BA6E9BB32B16169300B4F439 /* Words */ = {
			isa = PBXGroup;
			children = (
				BA6E9BE42B16169D00B4F439 /* Application */,
				BAC8577D2B1770E700678558 /* Classes */,
				BA6E9BE52B1616D300B4F439 /* Resources */,
			);
			path = Words;
			sourceTree = "<group>";
		};
		BA6E9BCA2B16169500B4F439 /* WordsTests */ = {
			isa = PBXGroup;
			children = (
				BA6E9BCB2B16169500B4F439 /* WordsTests.swift */,
			);
			path = WordsTests;
			sourceTree = "<group>";
		};
		BA6E9BD42B16169500B4F439 /* WordsUITests */ = {
			isa = PBXGroup;
			children = (
				BA6E9BD52B16169500B4F439 /* WordsUITests.swift */,
				BA6E9BD72B16169500B4F439 /* WordsUITestsLaunchTests.swift */,
			);
			path = WordsUITests;
			sourceTree = "<group>";
		};
		BA6E9BE42B16169D00B4F439 /* Application */ = {
			isa = PBXGroup;
			children = (
				BAC8579A2B1796D200678558 /* LaunchScreen.storyboard */,
				BA6E9BB42B16169300B4F439 /* AppDelegate.swift */,
				BA6E9BB62B16169300B4F439 /* SceneDelegate.swift */,
				BAC857B12B186FE700678558 /* MainCoordinator.swift */,
			);
			path = Application;
			sourceTree = "<group>";
		};
		BA6E9BE52B1616D300B4F439 /* Resources */ = {
			isa = PBXGroup;
			children = (
				BA6E9BE62B16493D00B4F439 /* words.json */,
				BA6E9BC22B16169400B4F439 /* Info.plist */,
				BA6E9BEE2B176D1300B4F439 /* Constants.swift */,
				BA6E9BBD2B16169400B4F439 /* Assets.xcassets */,
				BA6E9BE82B164AD900B4F439 /* Fonts */,
				BAC8578A2B1775B900678558 /* Localizable.strings */,
			);
			path = Resources;
			sourceTree = "<group>";
		};
		BA6E9BE82B164AD900B4F439 /* Fonts */ = {
			isa = PBXGroup;
			children = (
				BAC857C82B18FF5100678558 /* Inter-Medium.ttf */,
			);
			path = Fonts;
			sourceTree = "<group>";
		};
		BAC8577D2B1770E700678558 /* Classes */ = {
			isa = PBXGroup;
			children = (
				BAC8579F2B185CF200678558 /* Core */,
				BAC857902B17902D00678558 /* DesignComponents */,
				BAC857832B1773C400678558 /* Model */,
				BAC8577E2B1770ED00678558 /* Presentation */,
			);
			path = Classes;
			sourceTree = "<group>";
		};
		BAC8577E2B1770ED00678558 /* Presentation */ = {
			isa = PBXGroup;
			children = (
				BAC8578D2B1778EA00678558 /* Protocols */,
				BAC857802B17712A00678558 /* Game */,
				BAC8577F2B17710700678558 /* Start */,
			);
			path = Presentation;
			sourceTree = "<group>";
		};
		BAC8577F2B17710700678558 /* Start */ = {
			isa = PBXGroup;
			children = (
				BAC857AD2B1865F400678558 /* StartModule.swift */,
				BAC857AF2B18696900678558 /* StartModuleFactory.swift */,
				BAC857812B17718300678558 /* StartViewController.swift */,
				BAC857842B1773F200678558 /* StartViewModel.swift */,
			);
			path = Start;
			sourceTree = "<group>";
		};
		BAC857802B17712A00678558 /* Game */ = {
			isa = PBXGroup;
			children = (
				BAC857B92B18980F00678558 /* GameModule.swift */,
				BAC857BB2B18987900678558 /* GameModuleFactory.swift */,
				BAC857B52B18957B00678558 /* GameViewController.swift */,
				BAC857B72B18958D00678558 /* GameViewModel.swift */,
			);
			path = Game;
			sourceTree = "<group>";
		};
		BAC857832B1773C400678558 /* Model */ = {
			isa = PBXGroup;
			children = (
				BAC8579B2B18562F00678558 /* Game.swift */,
				BAC857BD2B18AC6000678558 /* Words.swift */,
			);
			path = Model;
			sourceTree = "<group>";
		};
		BAC8578D2B1778EA00678558 /* Protocols */ = {
			isa = PBXGroup;
			children = (
				BAC8578E2B17793500678558 /* ViewConfigurable.swift */,
			);
			path = Protocols;
			sourceTree = "<group>";
		};
		BAC857902B17902D00678558 /* DesignComponents */ = {
			isa = PBXGroup;
			children = (
				BAC857CC2B19A18100678558 /* StackVIew */,
				BAC857BF2B18B0BC00678558 /* GameBoard */,
				BAC857912B17903B00678558 /* Button */,
				BAC857932B17904600678558 /* Keyboard */,
				BAC857922B17904000678558 /* TextField */,
			);
			path = DesignComponents;
			sourceTree = "<group>";
		};
		BAC857912B17903B00678558 /* Button */ = {
			isa = PBXGroup;
			children = (
				BAC857942B17907400678558 /* Button.swift */,
			);
			path = Button;
			sourceTree = "<group>";
		};
		BAC857922B17904000678558 /* TextField */ = {
			isa = PBXGroup;
			children = (
				BAC857B32B18796600678558 /* TextField.swift */,
			);
			path = TextField;
			sourceTree = "<group>";
		};
		BAC857932B17904600678558 /* Keyboard */ = {
			isa = PBXGroup;
			children = (
			);
			path = Keyboard;
			sourceTree = "<group>";
		};
		BAC8579F2B185CF200678558 /* Core */ = {
			isa = PBXGroup;
			children = (
				BAC857A12B185CFD00678558 /* DI */,
				BAC857A02B185CF600678558 /* Managers */,
				BAC857A42B185E3100678558 /* Providers */,
			);
			path = Core;
			sourceTree = "<group>";
		};
		BAC857A02B185CF600678558 /* Managers */ = {
			isa = PBXGroup;
			children = (
				BAC857A22B185D3F00678558 /* UserDefaultsManager.swift */,
			);
			path = Managers;
			sourceTree = "<group>";
		};
		BAC857A12B185CFD00678558 /* DI */ = {
			isa = PBXGroup;
			children = (
				BAC857A72B18614000678558 /* ManagerDependencies.swift */,
				BAC857A92B1861EF00678558 /* ProviresDependencies.swift */,
				BAC857AB2B18627B00678558 /* ModuleDependenciesAdapter.swift */,
			);
			path = DI;
			sourceTree = "<group>";
		};
		BAC857A42B185E3100678558 /* Providers */ = {
			isa = PBXGroup;
			children = (
				BAC857A52B185E3A00678558 /* WordProvider.swift */,
			);
			path = Providers;
			sourceTree = "<group>";
		};
		BAC857BF2B18B0BC00678558 /* GameBoard */ = {
			isa = PBXGroup;
			children = (
				BAC857C02B18B0D700678558 /* GameBoard.swift */,
			);
			path = GameBoard;
			sourceTree = "<group>";
		};
		BAC857CC2B19A18100678558 /* StackVIew */ = {
			isa = PBXGroup;
			children = (
				BAC857CD2B19A19800678558 /* StackView.swift */,
			);
			path = StackVIew;
			sourceTree = "<group>";
		};
/* End PBXGroup section */

/* Begin PBXNativeTarget section */
		BA6E9BB02B16169300B4F439 /* Words */ = {
			isa = PBXNativeTarget;
			buildConfigurationList = BA6E9BDB2B16169500B4F439 /* Build configuration list for PBXNativeTarget "Words" */;
			buildPhases = (
				BA6E9BAD2B16169300B4F439 /* Sources */,
				BA6E9BAE2B16169300B4F439 /* Frameworks */,
				BA6E9BAF2B16169300B4F439 /* Resources */,
			);
			buildRules = (
			);
			dependencies = (
			);
			name = Words;
			packageProductDependencies = (
				BAC857972B17926100678558 /* SnapKit */,
			);
			productName = Words;
			productReference = BA6E9BB12B16169300B4F439 /* Words.app */;
			productType = "com.apple.product-type.application";
		};
		BA6E9BC62B16169500B4F439 /* WordsTests */ = {
			isa = PBXNativeTarget;
			buildConfigurationList = BA6E9BDE2B16169500B4F439 /* Build configuration list for PBXNativeTarget "WordsTests" */;
			buildPhases = (
				BA6E9BC32B16169500B4F439 /* Sources */,
				BA6E9BC42B16169500B4F439 /* Frameworks */,
				BA6E9BC52B16169500B4F439 /* Resources */,
			);
			buildRules = (
			);
			dependencies = (
				BA6E9BC92B16169500B4F439 /* PBXTargetDependency */,
			);
			name = WordsTests;
			productName = WordsTests;
			productReference = BA6E9BC72B16169500B4F439 /* WordsTests.xctest */;
			productType = "com.apple.product-type.bundle.unit-test";
		};
		BA6E9BD02B16169500B4F439 /* WordsUITests */ = {
			isa = PBXNativeTarget;
			buildConfigurationList = BA6E9BE12B16169500B4F439 /* Build configuration list for PBXNativeTarget "WordsUITests" */;
			buildPhases = (
				BA6E9BCD2B16169500B4F439 /* Sources */,
				BA6E9BCE2B16169500B4F439 /* Frameworks */,
				BA6E9BCF2B16169500B4F439 /* Resources */,
			);
			buildRules = (
			);
			dependencies = (
				BA6E9BD32B16169500B4F439 /* PBXTargetDependency */,
			);
			name = WordsUITests;
			productName = WordsUITests;
			productReference = BA6E9BD12B16169500B4F439 /* WordsUITests.xctest */;
			productType = "com.apple.product-type.bundle.ui-testing";
		};
/* End PBXNativeTarget section */

/* Begin PBXProject section */
		BA6E9BA92B16169300B4F439 /* Project object */ = {
			isa = PBXProject;
			attributes = {
				BuildIndependentTargetsInParallel = 1;
				LastSwiftUpdateCheck = 1500;
				LastUpgradeCheck = 1500;
				TargetAttributes = {
					BA6E9BB02B16169300B4F439 = {
						CreatedOnToolsVersion = 15.0.1;
					};
					BA6E9BC62B16169500B4F439 = {
						CreatedOnToolsVersion = 15.0.1;
						TestTargetID = BA6E9BB02B16169300B4F439;
					};
					BA6E9BD02B16169500B4F439 = {
						CreatedOnToolsVersion = 15.0.1;
						TestTargetID = BA6E9BB02B16169300B4F439;
					};
				};
			};
			buildConfigurationList = BA6E9BAC2B16169300B4F439 /* Build configuration list for PBXProject "Words" */;
			compatibilityVersion = "Xcode 14.0";
			developmentRegion = ru;
			hasScannedForEncodings = 0;
			knownRegions = (
				en,
				Base,
				ru,
			);
			mainGroup = BA6E9BA82B16169300B4F439;
			packageReferences = (
				BAC857962B17926100678558 /* XCRemoteSwiftPackageReference "SnapKit" */,
			);
			productRefGroup = BA6E9BB22B16169300B4F439 /* Products */;
			projectDirPath = "";
			projectRoot = "";
			targets = (
				BA6E9BB02B16169300B4F439 /* Words */,
				BA6E9BC62B16169500B4F439 /* WordsTests */,
				BA6E9BD02B16169500B4F439 /* WordsUITests */,
			);
		};
/* End PBXProject section */

/* Begin PBXResourcesBuildPhase section */
		BA6E9BAF2B16169300B4F439 /* Resources */ = {
			isa = PBXResourcesBuildPhase;
			buildActionMask = 2147483647;
			files = (
				BA6E9BE72B16493D00B4F439 /* words.json in Resources */,
				BAC857882B1775B900678558 /* Localizable.strings in Resources */,
				BAC857CB2B19015A00678558 /* Inter-Medium.ttf in Resources */,
				BAC857992B1796D200678558 /* LaunchScreen.storyboard in Resources */,
				BA6E9BBE2B16169400B4F439 /* Assets.xcassets in Resources */,
			);
			runOnlyForDeploymentPostprocessing = 0;
		};
		BA6E9BC52B16169500B4F439 /* Resources */ = {
			isa = PBXResourcesBuildPhase;
			buildActionMask = 2147483647;
			files = (
			);
			runOnlyForDeploymentPostprocessing = 0;
		};
		BA6E9BCF2B16169500B4F439 /* Resources */ = {
			isa = PBXResourcesBuildPhase;
			buildActionMask = 2147483647;
			files = (
			);
			runOnlyForDeploymentPostprocessing = 0;
		};
/* End PBXResourcesBuildPhase section */

/* Begin PBXSourcesBuildPhase section */
		BA6E9BAD2B16169300B4F439 /* Sources */ = {
			isa = PBXSourcesBuildPhase;
			buildActionMask = 2147483647;
			files = (
				BAC857952B17907400678558 /* Button.swift in Sources */,
				BAC857852B1773F200678558 /* StartViewModel.swift in Sources */,
				BAC857AE2B1865F400678558 /* StartModule.swift in Sources */,
				BAC857BA2B18980F00678558 /* GameModule.swift in Sources */,
				BA6E9BB52B16169300B4F439 /* AppDelegate.swift in Sources */,
				BAC857B62B18957B00678558 /* GameViewController.swift in Sources */,
				BAC857A82B18614000678558 /* ManagerDependencies.swift in Sources */,
				BAC857C12B18B0D700678558 /* GameBoard.swift in Sources */,
				BAC857BE2B18AC6000678558 /* Words.swift in Sources */,
				BAC857822B17718300678558 /* StartViewController.swift in Sources */,
				BAC857B42B18796600678558 /* TextField.swift in Sources */,
				BAC857CE2B19A19800678558 /* StackView.swift in Sources */,
				BAC857B02B18696900678558 /* StartModuleFactory.swift in Sources */,
				BAC857A62B185E3A00678558 /* WordProvider.swift in Sources */,
				BAC8578F2B17793500678558 /* ViewConfigurable.swift in Sources */,
				BAC857B22B186FE700678558 /* MainCoordinator.swift in Sources */,
				BAC857A32B185D3F00678558 /* UserDefaultsManager.swift in Sources */,
				BAC857AA2B1861EF00678558 /* ProviresDependencies.swift in Sources */,
				BAC857AC2B18627B00678558 /* ModuleDependenciesAdapter.swift in Sources */,
				BAC857B82B18958D00678558 /* GameViewModel.swift in Sources */,
				BA6E9BB72B16169300B4F439 /* SceneDelegate.swift in Sources */,
				BA6E9BEF2B176D1300B4F439 /* Constants.swift in Sources */,
				BAC857BC2B18987900678558 /* GameModuleFactory.swift in Sources */,
				BAC8579C2B18562F00678558 /* Game.swift in Sources */,
			);
			runOnlyForDeploymentPostprocessing = 0;
		};
		BA6E9BC32B16169500B4F439 /* Sources */ = {
			isa = PBXSourcesBuildPhase;
			buildActionMask = 2147483647;
			files = (
				BA6E9BCC2B16169500B4F439 /* WordsTests.swift in Sources */,
			);
			runOnlyForDeploymentPostprocessing = 0;
		};
		BA6E9BCD2B16169500B4F439 /* Sources */ = {
			isa = PBXSourcesBuildPhase;
			buildActionMask = 2147483647;
			files = (
				BA6E9BD82B16169500B4F439 /* WordsUITestsLaunchTests.swift in Sources */,
				BA6E9BD62B16169500B4F439 /* WordsUITests.swift in Sources */,
			);
			runOnlyForDeploymentPostprocessing = 0;
		};
/* End PBXSourcesBuildPhase section */

/* Begin PBXTargetDependency section */
		BA6E9BC92B16169500B4F439 /* PBXTargetDependency */ = {
			isa = PBXTargetDependency;
			target = BA6E9BB02B16169300B4F439 /* Words */;
			targetProxy = BA6E9BC82B16169500B4F439 /* PBXContainerItemProxy */;
		};
		BA6E9BD32B16169500B4F439 /* PBXTargetDependency */ = {
			isa = PBXTargetDependency;
			target = BA6E9BB02B16169300B4F439 /* Words */;
			targetProxy = BA6E9BD22B16169500B4F439 /* PBXContainerItemProxy */;
		};
/* End PBXTargetDependency section */

/* Begin PBXVariantGroup section */
		BAC8578A2B1775B900678558 /* Localizable.strings */ = {
			isa = PBXVariantGroup;
			children = (
				BAC857892B1775B900678558 /* en */,
				BAC8578C2B1775DC00678558 /* ru */,
			);
			name = Localizable.strings;
			sourceTree = "<group>";
		};
/* End PBXVariantGroup section */

/* Begin XCBuildConfiguration section */
		BA6E9BD92B16169500B4F439 /* Debug */ = {
			isa = XCBuildConfiguration;
			buildSettings = {
				ALWAYS_SEARCH_USER_PATHS = NO;
				ASSETCATALOG_COMPILER_GENERATE_SWIFT_ASSET_SYMBOL_EXTENSIONS = YES;
				CLANG_ANALYZER_LOCALIZABILITY_NONLOCALIZED = YES;
				CLANG_ANALYZER_NONNULL = YES;
				CLANG_ANALYZER_NUMBER_OBJECT_CONVERSION = YES_AGGRESSIVE;
				CLANG_CXX_LANGUAGE_STANDARD = "gnu++20";
				CLANG_ENABLE_MODULES = YES;
				CLANG_ENABLE_OBJC_ARC = YES;
				CLANG_ENABLE_OBJC_WEAK = YES;
				CLANG_WARN_BLOCK_CAPTURE_AUTORELEASING = YES;
				CLANG_WARN_BOOL_CONVERSION = YES;
				CLANG_WARN_COMMA = YES;
				CLANG_WARN_CONSTANT_CONVERSION = YES;
				CLANG_WARN_DEPRECATED_OBJC_IMPLEMENTATIONS = YES;
				CLANG_WARN_DIRECT_OBJC_ISA_USAGE = YES_ERROR;
				CLANG_WARN_DOCUMENTATION_COMMENTS = YES;
				CLANG_WARN_EMPTY_BODY = YES;
				CLANG_WARN_ENUM_CONVERSION = YES;
				CLANG_WARN_INFINITE_RECURSION = YES;
				CLANG_WARN_INT_CONVERSION = YES;
				CLANG_WARN_NON_LITERAL_NULL_CONVERSION = YES;
				CLANG_WARN_OBJC_IMPLICIT_RETAIN_SELF = YES;
				CLANG_WARN_OBJC_LITERAL_CONVERSION = YES;
				CLANG_WARN_OBJC_ROOT_CLASS = YES_ERROR;
				CLANG_WARN_QUOTED_INCLUDE_IN_FRAMEWORK_HEADER = YES;
				CLANG_WARN_RANGE_LOOP_ANALYSIS = YES;
				CLANG_WARN_STRICT_PROTOTYPES = YES;
				CLANG_WARN_SUSPICIOUS_MOVE = YES;
				CLANG_WARN_UNGUARDED_AVAILABILITY = YES_AGGRESSIVE;
				CLANG_WARN_UNREACHABLE_CODE = YES;
				CLANG_WARN__DUPLICATE_METHOD_MATCH = YES;
				COPY_PHASE_STRIP = NO;
				DEBUG_INFORMATION_FORMAT = dwarf;
				ENABLE_STRICT_OBJC_MSGSEND = YES;
				ENABLE_TESTABILITY = YES;
				ENABLE_USER_SCRIPT_SANDBOXING = YES;
				GCC_C_LANGUAGE_STANDARD = gnu17;
				GCC_DYNAMIC_NO_PIC = NO;
				GCC_NO_COMMON_BLOCKS = YES;
				GCC_OPTIMIZATION_LEVEL = 0;
				GCC_PREPROCESSOR_DEFINITIONS = (
					"DEBUG=1",
					"$(inherited)",
				);
				GCC_WARN_64_TO_32_BIT_CONVERSION = YES;
				GCC_WARN_ABOUT_RETURN_TYPE = YES_ERROR;
				GCC_WARN_UNDECLARED_SELECTOR = YES;
				GCC_WARN_UNINITIALIZED_AUTOS = YES_AGGRESSIVE;
				GCC_WARN_UNUSED_FUNCTION = YES;
				GCC_WARN_UNUSED_VARIABLE = YES;
				IPHONEOS_DEPLOYMENT_TARGET = 14.0;
				LOCALIZATION_PREFERS_STRING_CATALOGS = YES;
				MTL_ENABLE_DEBUG_INFO = INCLUDE_SOURCE;
				MTL_FAST_MATH = YES;
				ONLY_ACTIVE_ARCH = YES;
				SDKROOT = iphoneos;
				SWIFT_ACTIVE_COMPILATION_CONDITIONS = "DEBUG $(inherited)";
				SWIFT_OPTIMIZATION_LEVEL = "-Onone";
			};
			name = Debug;
		};
		BA6E9BDA2B16169500B4F439 /* Release */ = {
			isa = XCBuildConfiguration;
			buildSettings = {
				ALWAYS_SEARCH_USER_PATHS = NO;
				ASSETCATALOG_COMPILER_GENERATE_SWIFT_ASSET_SYMBOL_EXTENSIONS = YES;
				CLANG_ANALYZER_LOCALIZABILITY_NONLOCALIZED = YES;
				CLANG_ANALYZER_NONNULL = YES;
				CLANG_ANALYZER_NUMBER_OBJECT_CONVERSION = YES_AGGRESSIVE;
				CLANG_CXX_LANGUAGE_STANDARD = "gnu++20";
				CLANG_ENABLE_MODULES = YES;
				CLANG_ENABLE_OBJC_ARC = YES;
				CLANG_ENABLE_OBJC_WEAK = YES;
				CLANG_WARN_BLOCK_CAPTURE_AUTORELEASING = YES;
				CLANG_WARN_BOOL_CONVERSION = YES;
				CLANG_WARN_COMMA = YES;
				CLANG_WARN_CONSTANT_CONVERSION = YES;
				CLANG_WARN_DEPRECATED_OBJC_IMPLEMENTATIONS = YES;
				CLANG_WARN_DIRECT_OBJC_ISA_USAGE = YES_ERROR;
				CLANG_WARN_DOCUMENTATION_COMMENTS = YES;
				CLANG_WARN_EMPTY_BODY = YES;
				CLANG_WARN_ENUM_CONVERSION = YES;
				CLANG_WARN_INFINITE_RECURSION = YES;
				CLANG_WARN_INT_CONVERSION = YES;
				CLANG_WARN_NON_LITERAL_NULL_CONVERSION = YES;
				CLANG_WARN_OBJC_IMPLICIT_RETAIN_SELF = YES;
				CLANG_WARN_OBJC_LITERAL_CONVERSION = YES;
				CLANG_WARN_OBJC_ROOT_CLASS = YES_ERROR;
				CLANG_WARN_QUOTED_INCLUDE_IN_FRAMEWORK_HEADER = YES;
				CLANG_WARN_RANGE_LOOP_ANALYSIS = YES;
				CLANG_WARN_STRICT_PROTOTYPES = YES;
				CLANG_WARN_SUSPICIOUS_MOVE = YES;
				CLANG_WARN_UNGUARDED_AVAILABILITY = YES_AGGRESSIVE;
				CLANG_WARN_UNREACHABLE_CODE = YES;
				CLANG_WARN__DUPLICATE_METHOD_MATCH = YES;
				COPY_PHASE_STRIP = NO;
				DEBUG_INFORMATION_FORMAT = "dwarf-with-dsym";
				ENABLE_NS_ASSERTIONS = NO;
				ENABLE_STRICT_OBJC_MSGSEND = YES;
				ENABLE_USER_SCRIPT_SANDBOXING = YES;
				GCC_C_LANGUAGE_STANDARD = gnu17;
				GCC_NO_COMMON_BLOCKS = YES;
				GCC_WARN_64_TO_32_BIT_CONVERSION = YES;
				GCC_WARN_ABOUT_RETURN_TYPE = YES_ERROR;
				GCC_WARN_UNDECLARED_SELECTOR = YES;
				GCC_WARN_UNINITIALIZED_AUTOS = YES_AGGRESSIVE;
				GCC_WARN_UNUSED_FUNCTION = YES;
				GCC_WARN_UNUSED_VARIABLE = YES;
				IPHONEOS_DEPLOYMENT_TARGET = 14.0;
				LOCALIZATION_PREFERS_STRING_CATALOGS = YES;
				MTL_ENABLE_DEBUG_INFO = NO;
				MTL_FAST_MATH = YES;
				SDKROOT = iphoneos;
				SWIFT_COMPILATION_MODE = wholemodule;
				VALIDATE_PRODUCT = YES;
			};
			name = Release;
		};
		BA6E9BDC2B16169500B4F439 /* Debug */ = {
			isa = XCBuildConfiguration;
			buildSettings = {
				ASSETCATALOG_COMPILER_APPICON_NAME = AppIcon;
				ASSETCATALOG_COMPILER_GLOBAL_ACCENT_COLOR_NAME = AccentColor;
				CODE_SIGN_STYLE = Automatic;
				CURRENT_PROJECT_VERSION = 1;
				DEVELOPMENT_TEAM = BMSA97M8U5;
				GENERATE_INFOPLIST_FILE = YES;
				INFOPLIST_FILE = Words/Resources/Info.plist;
				INFOPLIST_KEY_UIApplicationSupportsIndirectInputEvents = YES;
				INFOPLIST_KEY_UILaunchStoryboardName = LaunchScreen;
				INFOPLIST_KEY_UIMainStoryboardFile = "";
				INFOPLIST_KEY_UISupportedInterfaceOrientations = UIInterfaceOrientationPortrait;
				LD_RUNPATH_SEARCH_PATHS = (
					"$(inherited)",
					"@executable_path/Frameworks",
				);
				MARKETING_VERSION = 1.0;
				PRODUCT_BUNDLE_IDENTIFIER = com.personal.Words;
				PRODUCT_NAME = "$(TARGET_NAME)";
				SWIFT_EMIT_LOC_STRINGS = YES;
				SWIFT_VERSION = 5.0;
				TARGETED_DEVICE_FAMILY = "1,2";
			};
			name = Debug;
		};
		BA6E9BDD2B16169500B4F439 /* Release */ = {
			isa = XCBuildConfiguration;
			buildSettings = {
				ASSETCATALOG_COMPILER_APPICON_NAME = AppIcon;
				ASSETCATALOG_COMPILER_GLOBAL_ACCENT_COLOR_NAME = AccentColor;
				CODE_SIGN_STYLE = Automatic;
				CURRENT_PROJECT_VERSION = 1;
				DEVELOPMENT_TEAM = BMSA97M8U5;
				GENERATE_INFOPLIST_FILE = YES;
				INFOPLIST_FILE = Words/Resources/Info.plist;
				INFOPLIST_KEY_UIApplicationSupportsIndirectInputEvents = YES;
				INFOPLIST_KEY_UILaunchStoryboardName = LaunchScreen;
				INFOPLIST_KEY_UIMainStoryboardFile = "";
				INFOPLIST_KEY_UISupportedInterfaceOrientations = UIInterfaceOrientationPortrait;
				LD_RUNPATH_SEARCH_PATHS = (
					"$(inherited)",
					"@executable_path/Frameworks",
				);
				MARKETING_VERSION = 1.0;
				PRODUCT_BUNDLE_IDENTIFIER = com.personal.Words;
				PRODUCT_NAME = "$(TARGET_NAME)";
				SWIFT_EMIT_LOC_STRINGS = YES;
				SWIFT_VERSION = 5.0;
				TARGETED_DEVICE_FAMILY = "1,2";
			};
			name = Release;
		};
		BA6E9BDF2B16169500B4F439 /* Debug */ = {
			isa = XCBuildConfiguration;
			buildSettings = {
				ALWAYS_EMBED_SWIFT_STANDARD_LIBRARIES = YES;
				BUNDLE_LOADER = "$(TEST_HOST)";
				CODE_SIGN_STYLE = Automatic;
				CURRENT_PROJECT_VERSION = 1;
				DEVELOPMENT_TEAM = BMSA97M8U5;
				GENERATE_INFOPLIST_FILE = YES;
				IPHONEOS_DEPLOYMENT_TARGET = 17.0;
				MARKETING_VERSION = 1.0;
				PRODUCT_BUNDLE_IDENTIFIER = com.personal.WordsTests;
				PRODUCT_NAME = "$(TARGET_NAME)";
				SWIFT_EMIT_LOC_STRINGS = NO;
				SWIFT_VERSION = 5.0;
				TARGETED_DEVICE_FAMILY = "1,2";
				TEST_HOST = "$(BUILT_PRODUCTS_DIR)/Words.app/$(BUNDLE_EXECUTABLE_FOLDER_PATH)/Words";
			};
			name = Debug;
		};
		BA6E9BE02B16169500B4F439 /* Release */ = {
			isa = XCBuildConfiguration;
			buildSettings = {
				ALWAYS_EMBED_SWIFT_STANDARD_LIBRARIES = YES;
				BUNDLE_LOADER = "$(TEST_HOST)";
				CODE_SIGN_STYLE = Automatic;
				CURRENT_PROJECT_VERSION = 1;
				DEVELOPMENT_TEAM = BMSA97M8U5;
				GENERATE_INFOPLIST_FILE = YES;
				IPHONEOS_DEPLOYMENT_TARGET = 17.0;
				MARKETING_VERSION = 1.0;
				PRODUCT_BUNDLE_IDENTIFIER = com.personal.WordsTests;
				PRODUCT_NAME = "$(TARGET_NAME)";
				SWIFT_EMIT_LOC_STRINGS = NO;
				SWIFT_VERSION = 5.0;
				TARGETED_DEVICE_FAMILY = "1,2";
				TEST_HOST = "$(BUILT_PRODUCTS_DIR)/Words.app/$(BUNDLE_EXECUTABLE_FOLDER_PATH)/Words";
			};
			name = Release;
		};
		BA6E9BE22B16169500B4F439 /* Debug */ = {
			isa = XCBuildConfiguration;
			buildSettings = {
				ALWAYS_EMBED_SWIFT_STANDARD_LIBRARIES = YES;
				CODE_SIGN_STYLE = Automatic;
				CURRENT_PROJECT_VERSION = 1;
				DEVELOPMENT_TEAM = BMSA97M8U5;
				GENERATE_INFOPLIST_FILE = YES;
				MARKETING_VERSION = 1.0;
				PRODUCT_BUNDLE_IDENTIFIER = com.personal.WordsUITests;
				PRODUCT_NAME = "$(TARGET_NAME)";
				SWIFT_EMIT_LOC_STRINGS = NO;
				SWIFT_VERSION = 5.0;
				TARGETED_DEVICE_FAMILY = "1,2";
				TEST_TARGET_NAME = Words;
			};
			name = Debug;
		};
		BA6E9BE32B16169500B4F439 /* Release */ = {
			isa = XCBuildConfiguration;
			buildSettings = {
				ALWAYS_EMBED_SWIFT_STANDARD_LIBRARIES = YES;
				CODE_SIGN_STYLE = Automatic;
				CURRENT_PROJECT_VERSION = 1;
				DEVELOPMENT_TEAM = BMSA97M8U5;
				GENERATE_INFOPLIST_FILE = YES;
				MARKETING_VERSION = 1.0;
				PRODUCT_BUNDLE_IDENTIFIER = com.personal.WordsUITests;
				PRODUCT_NAME = "$(TARGET_NAME)";
				SWIFT_EMIT_LOC_STRINGS = NO;
				SWIFT_VERSION = 5.0;
				TARGETED_DEVICE_FAMILY = "1,2";
				TEST_TARGET_NAME = Words;
			};
			name = Release;
		};
/* End XCBuildConfiguration section */

/* Begin XCConfigurationList section */
		BA6E9BAC2B16169300B4F439 /* Build configuration list for PBXProject "Words" */ = {
			isa = XCConfigurationList;
			buildConfigurations = (
				BA6E9BD92B16169500B4F439 /* Debug */,
				BA6E9BDA2B16169500B4F439 /* Release */,
			);
			defaultConfigurationIsVisible = 0;
			defaultConfigurationName = Debug;
		};
		BA6E9BDB2B16169500B4F439 /* Build configuration list for PBXNativeTarget "Words" */ = {
			isa = XCConfigurationList;
			buildConfigurations = (
				BA6E9BDC2B16169500B4F439 /* Debug */,
				BA6E9BDD2B16169500B4F439 /* Release */,
			);
			defaultConfigurationIsVisible = 0;
			defaultConfigurationName = Debug;
		};
		BA6E9BDE2B16169500B4F439 /* Build configuration list for PBXNativeTarget "WordsTests" */ = {
			isa = XCConfigurationList;
			buildConfigurations = (
				BA6E9BDF2B16169500B4F439 /* Debug */,
				BA6E9BE02B16169500B4F439 /* Release */,
			);
			defaultConfigurationIsVisible = 0;
			defaultConfigurationName = Debug;
		};
		BA6E9BE12B16169500B4F439 /* Build configuration list for PBXNativeTarget "WordsUITests" */ = {
			isa = XCConfigurationList;
			buildConfigurations = (
				BA6E9BE22B16169500B4F439 /* Debug */,
				BA6E9BE32B16169500B4F439 /* Release */,
			);
			defaultConfigurationIsVisible = 0;
			defaultConfigurationName = Debug;
		};
/* End XCConfigurationList section */

/* Begin XCRemoteSwiftPackageReference section */
		BAC857962B17926100678558 /* XCRemoteSwiftPackageReference "SnapKit" */ = {
			isa = XCRemoteSwiftPackageReference;
			repositoryURL = "https://github.com/SnapKit/SnapKit";
			requirement = {
				kind = upToNextMajorVersion;
				minimumVersion = 5.6.0;
			};
		};
/* End XCRemoteSwiftPackageReference section */

/* Begin XCSwiftPackageProductDependency section */
		BAC857972B17926100678558 /* SnapKit */ = {
			isa = XCSwiftPackageProductDependency;
			package = BAC857962B17926100678558 /* XCRemoteSwiftPackageReference "SnapKit" */;
			productName = SnapKit;
		};
/* End XCSwiftPackageProductDependency section */
	};
	rootObject = BA6E9BA92B16169300B4F439 /* Project object */;
}
